
Microsoft Visual Studio Solution File, Format Version 12.00
# Visual Studio Version 17
VisualStudioVersion = 17.7.34018.315
MinimumVisualStudioVersion = 10.0.40219.1
Project("{FAE04EC0-301F-11D3-BF4B-00C04F79EFBC}") = "DetSad", "DetSad\DetSad.csproj", "{A72B3414-33D6-4974-9087-BB9C20B5BFA8}"
EndProject
Global
	GlobalSection(SolutionConfigurationPlatforms) = preSolution
		Debug|Any CPU = Debug|Any CPU
		Release|Any CPU = Release|Any CPU
	EndGlobalSection
	GlobalSection(ProjectConfigurationPlatforms) = postSolution
		{A72B3414-33D6-4974-9087-BB9C20B5BFA8}.Debug|Any CPU.ActiveCfg = Debug|Any CPU
		{A72B3414-33D6-4974-9087-BB9C20B5BFA8}.Debug|Any CPU.Build.0 = Debug|Any CPU
		{A72B3414-33D6-4974-9087-BB9C20B5BFA8}.Release|Any CPU.ActiveCfg = Release|Any CPU
		{A72B3414-33D6-4974-9087-BB9C20B5BFA8}.Release|Any CPU.Build.0 = Release|Any CPU
	EndGlobalSection
	GlobalSection(SolutionProperties) = preSolution
		HideSolutionNode = FALSE
	EndGlobalSection
	GlobalSection(ExtensibilityGlobals) = postSolution
		SolutionGuid = {0E1262CF-09E9-41C0-8BB5-1C52BE5BF003}
	EndGlobalSection
EndGlobal
